
Microsoft Visual Studio Solution File, Format Version 12.00
# Visual Studio Version 17
VisualStudioVersion = 17.6.33829.357
MinimumVisualStudioVersion = 10.0.40219.1
Project("{FAE04EC0-301F-11D3-BF4B-00C04F79EFBC}") = "PokeApi", "PokeApi.csproj", "{E3AE07DB-7D19-4384-BE86-B53AD3D0040B}"
EndProject
Global
	GlobalSection(SolutionConfigurationPlatforms) = preSolution
		Debug|Any CPU = Debug|Any CPU
		Release|Any CPU = Release|Any CPU
	EndGlobalSection
	GlobalSection(ProjectConfigurationPlatforms) = postSolution
		{E3AE07DB-7D19-4384-BE86-B53AD3D0040B}.Debug|Any CPU.ActiveCfg = Debug|Any CPU
		{E3AE07DB-7D19-4384-BE86-B53AD3D0040B}.Debug|Any CPU.Build.0 = Debug|Any CPU
		{E3AE07DB-7D19-4384-BE86-B53AD3D0040B}.Release|Any CPU.ActiveCfg = Release|Any CPU
		{E3AE07DB-7D19-4384-BE86-B53AD3D0040B}.Release|Any CPU.Build.0 = Release|Any CPU
	EndGlobalSection
	GlobalSection(SolutionProperties) = preSolution
		HideSolutionNode = FALSE
	EndGlobalSection
	GlobalSection(ExtensibilityGlobals) = postSolution
		SolutionGuid = {98B36FC3-2DC8-43A4-9FAC-C450703E193A}
	EndGlobalSection
EndGlobal
